// !$*UTF8*$!
{
	archiveVersion = 1;
	classes = {
	};
	objectVersion = 46;
	objects = {

/* Begin PBXBuildFile section */
		0F119B521E76378400E58206 /* RootViewController.swift in Sources */ = {isa = PBXBuildFile; fileRef = 0F119B511E76378400E58206 /* RootViewController.swift */; };
		0F119B541E76379900E58206 /* HomeViewController.swift in Sources */ = {isa = PBXBuildFile; fileRef = 0F119B531E76379900E58206 /* HomeViewController.swift */; };
		0F119B561E7637A100E58206 /* StoreViewController.swift in Sources */ = {isa = PBXBuildFile; fileRef = 0F119B551E7637A100E58206 /* StoreViewController.swift */; };
		0F119B581E7637AD00E58206 /* MeViewController.swift in Sources */ = {isa = PBXBuildFile; fileRef = 0F119B571E7637AD00E58206 /* MeViewController.swift */; };
		0F119B5F1E763F2500E58206 /* FindViewController.swift in Sources */ = {isa = PBXBuildFile; fileRef = 0F119B5E1E763F2500E58206 /* FindViewController.swift */; };
		0F119B6B1E76685600E58206 /* HomeTableViewCell.swift in Sources */ = {isa = PBXBuildFile; fileRef = 0F119B691E76685600E58206 /* HomeTableViewCell.swift */; };
		0F119B6C1E76685600E58206 /* HomeTableViewCell.xib in Resources */ = {isa = PBXBuildFile; fileRef = 0F119B6A1E76685600E58206 /* HomeTableViewCell.xib */; };
		0F903C4C1E762B0300EFA700 /* AppDelegate.swift in Sources */ = {isa = PBXBuildFile; fileRef = 0F903C4B1E762B0300EFA700 /* AppDelegate.swift */; };
		0F903C511E762B0300EFA700 /* Main.storyboard in Resources */ = {isa = PBXBuildFile; fileRef = 0F903C4F1E762B0300EFA700 /* Main.storyboard */; };
		0F903C531E762B0300EFA700 /* Assets.xcassets in Resources */ = {isa = PBXBuildFile; fileRef = 0F903C521E762B0300EFA700 /* Assets.xcassets */; };
		0F903C561E762B0300EFA700 /* LaunchScreen.storyboard in Resources */ = {isa = PBXBuildFile; fileRef = 0F903C541E762B0300EFA700 /* LaunchScreen.storyboard */; };
		0F903C611E762B0300EFA700 /* tireKingDemoTests.swift in Sources */ = {isa = PBXBuildFile; fileRef = 0F903C601E762B0300EFA700 /* tireKingDemoTests.swift */; };
		0F903C6C1E762B0300EFA700 /* tireKingDemoUITests.swift in Sources */ = {isa = PBXBuildFile; fileRef = 0F903C6B1E762B0300EFA700 /* tireKingDemoUITests.swift */; };
		2FEA5B991E768050007E8A0A /* FindToolTableViewCell.swift in Sources */ = {isa = PBXBuildFile; fileRef = 2FEA5B971E768050007E8A0A /* FindToolTableViewCell.swift */; };
		2FEA5B9A1E768050007E8A0A /* FindToolTableViewCell.xib in Resources */ = {isa = PBXBuildFile; fileRef = 2FEA5B981E768050007E8A0A /* FindToolTableViewCell.xib */; };
		2FEA5B9D1E76810A007E8A0A /* ToolButton.swift in Sources */ = {isa = PBXBuildFile; fileRef = 2FEA5B9C1E76810A007E8A0A /* ToolButton.swift */; };
		2FEA5BA01E76AE29007E8A0A /* FindNewsTableViewCell.swift in Sources */ = {isa = PBXBuildFile; fileRef = 2FEA5B9E1E76AE29007E8A0A /* FindNewsTableViewCell.swift */; };
		2FEA5BA11E76AE29007E8A0A /* FindNewsTableViewCell.xib in Resources */ = {isa = PBXBuildFile; fileRef = 2FEA5B9F1E76AE29007E8A0A /* FindNewsTableViewCell.xib */; };
		AE234D306DFA811F5689E764 /* libPods-tireKingDemo.a in Frameworks */ = {isa = PBXBuildFile; fileRef = ECEE1BCD18B6ABF5F56B71BF /* libPods-tireKingDemo.a */; };
/* End PBXBuildFile section */

/* Begin PBXContainerItemProxy section */
		0F903C5D1E762B0300EFA700 /* PBXContainerItemProxy */ = {
			isa = PBXContainerItemProxy;
			containerPortal = 0F903C401E762B0300EFA700 /* Project object */;
			proxyType = 1;
			remoteGlobalIDString = 0F903C471E762B0300EFA700;
			remoteInfo = tireKingDemo;
		};
		0F903C681E762B0300EFA700 /* PBXContainerItemProxy */ = {
			isa = PBXContainerItemProxy;
			containerPortal = 0F903C401E762B0300EFA700 /* Project object */;
			proxyType = 1;
			remoteGlobalIDString = 0F903C471E762B0300EFA700;
			remoteInfo = tireKingDemo;
		};
/* End PBXContainerItemProxy section */

/* Begin PBXFileReference section */
		0F119B511E76378400E58206 /* RootViewController.swift */ = {isa = PBXFileReference; fileEncoding = 4; lastKnownFileType = sourcecode.swift; path = RootViewController.swift; sourceTree = "<group>"; };
		0F119B531E76379900E58206 /* HomeViewController.swift */ = {isa = PBXFileReference; fileEncoding = 4; lastKnownFileType = sourcecode.swift; path = HomeViewController.swift; sourceTree = "<group>"; };
		0F119B551E7637A100E58206 /* StoreViewController.swift */ = {isa = PBXFileReference; fileEncoding = 4; lastKnownFileType = sourcecode.swift; path = StoreViewController.swift; sourceTree = "<group>"; };
		0F119B571E7637AD00E58206 /* MeViewController.swift */ = {isa = PBXFileReference; fileEncoding = 4; lastKnownFileType = sourcecode.swift; path = MeViewController.swift; sourceTree = "<group>"; };
		0F119B5E1E763F2500E58206 /* FindViewController.swift */ = {isa = PBXFileReference; fileEncoding = 4; lastKnownFileType = sourcecode.swift; path = FindViewController.swift; sourceTree = "<group>"; };
		0F119B621E7648C700E58206 /* BridgeHeader.h */ = {isa = PBXFileReference; lastKnownFileType = sourcecode.c.h; path = BridgeHeader.h; sourceTree = "<group>"; };
		0F119B691E76685600E58206 /* HomeTableViewCell.swift */ = {isa = PBXFileReference; fileEncoding = 4; lastKnownFileType = sourcecode.swift; path = HomeTableViewCell.swift; sourceTree = "<group>"; };
		0F119B6A1E76685600E58206 /* HomeTableViewCell.xib */ = {isa = PBXFileReference; fileEncoding = 4; lastKnownFileType = file.xib; path = HomeTableViewCell.xib; sourceTree = "<group>"; };
		0F903C481E762B0300EFA700 /* tireKingDemo.app */ = {isa = PBXFileReference; explicitFileType = wrapper.application; includeInIndex = 0; path = tireKingDemo.app; sourceTree = BUILT_PRODUCTS_DIR; };
		0F903C4B1E762B0300EFA700 /* AppDelegate.swift */ = {isa = PBXFileReference; lastKnownFileType = sourcecode.swift; path = AppDelegate.swift; sourceTree = "<group>"; };
		0F903C501E762B0300EFA700 /* Base */ = {isa = PBXFileReference; lastKnownFileType = file.storyboard; name = Base; path = Base.lproj/Main.storyboard; sourceTree = "<group>"; };
		0F903C521E762B0300EFA700 /* Assets.xcassets */ = {isa = PBXFileReference; lastKnownFileType = folder.assetcatalog; path = Assets.xcassets; sourceTree = "<group>"; };
		0F903C551E762B0300EFA700 /* Base */ = {isa = PBXFileReference; lastKnownFileType = file.storyboard; name = Base; path = Base.lproj/LaunchScreen.storyboard; sourceTree = "<group>"; };
		0F903C571E762B0300EFA700 /* Info.plist */ = {isa = PBXFileReference; lastKnownFileType = text.plist.xml; path = Info.plist; sourceTree = "<group>"; };
		0F903C5C1E762B0300EFA700 /* tireKingDemoTests.xctest */ = {isa = PBXFileReference; explicitFileType = wrapper.cfbundle; includeInIndex = 0; path = tireKingDemoTests.xctest; sourceTree = BUILT_PRODUCTS_DIR; };
		0F903C601E762B0300EFA700 /* tireKingDemoTests.swift */ = {isa = PBXFileReference; lastKnownFileType = sourcecode.swift; path = tireKingDemoTests.swift; sourceTree = "<group>"; };
		0F903C621E762B0300EFA700 /* Info.plist */ = {isa = PBXFileReference; lastKnownFileType = text.plist.xml; path = Info.plist; sourceTree = "<group>"; };
		0F903C671E762B0300EFA700 /* tireKingDemoUITests.xctest */ = {isa = PBXFileReference; explicitFileType = wrapper.cfbundle; includeInIndex = 0; path = tireKingDemoUITests.xctest; sourceTree = BUILT_PRODUCTS_DIR; };
		0F903C6B1E762B0300EFA700 /* tireKingDemoUITests.swift */ = {isa = PBXFileReference; lastKnownFileType = sourcecode.swift; path = tireKingDemoUITests.swift; sourceTree = "<group>"; };
		0F903C6D1E762B0300EFA700 /* Info.plist */ = {isa = PBXFileReference; lastKnownFileType = text.plist.xml; path = Info.plist; sourceTree = "<group>"; };
		2FEA5B971E768050007E8A0A /* FindToolTableViewCell.swift */ = {isa = PBXFileReference; fileEncoding = 4; lastKnownFileType = sourcecode.swift; name = FindToolTableViewCell.swift; path = tireKingDemo/FindToolTableViewCell.swift; sourceTree = SOURCE_ROOT; };
		2FEA5B981E768050007E8A0A /* FindToolTableViewCell.xib */ = {isa = PBXFileReference; fileEncoding = 4; lastKnownFileType = file.xib; name = FindToolTableViewCell.xib; path = tireKingDemo/FindToolTableViewCell.xib; sourceTree = SOURCE_ROOT; };
		2FEA5B9C1E76810A007E8A0A /* ToolButton.swift */ = {isa = PBXFileReference; fileEncoding = 4; lastKnownFileType = sourcecode.swift; path = ToolButton.swift; sourceTree = "<group>"; };
		2FEA5B9E1E76AE29007E8A0A /* FindNewsTableViewCell.swift */ = {isa = PBXFileReference; fileEncoding = 4; lastKnownFileType = sourcecode.swift; name = FindNewsTableViewCell.swift; path = tireKingDemo/Tool/FindNewsTableViewCell.swift; sourceTree = SOURCE_ROOT; };
		2FEA5B9F1E76AE29007E8A0A /* FindNewsTableViewCell.xib */ = {isa = PBXFileReference; fileEncoding = 4; lastKnownFileType = file.xib; name = FindNewsTableViewCell.xib; path = tireKingDemo/Tool/FindNewsTableViewCell.xib; sourceTree = SOURCE_ROOT; };
		6563FBB00CFEAB88CA7F4F31 /* Pods-tireKingDemo.release.xcconfig */ = {isa = PBXFileReference; includeInIndex = 1; lastKnownFileType = text.xcconfig; name = "Pods-tireKingDemo.release.xcconfig"; path = "Pods/Target Support Files/Pods-tireKingDemo/Pods-tireKingDemo.release.xcconfig"; sourceTree = "<group>"; };
		E2D0598C551BD37E88595407 /* Pods-tireKingDemo.debug.xcconfig */ = {isa = PBXFileReference; includeInIndex = 1; lastKnownFileType = text.xcconfig; name = "Pods-tireKingDemo.debug.xcconfig"; path = "Pods/Target Support Files/Pods-tireKingDemo/Pods-tireKingDemo.debug.xcconfig"; sourceTree = "<group>"; };
		ECEE1BCD18B6ABF5F56B71BF /* libPods-tireKingDemo.a */ = {isa = PBXFileReference; explicitFileType = archive.ar; includeInIndex = 0; path = "libPods-tireKingDemo.a"; sourceTree = BUILT_PRODUCTS_DIR; };
/* End PBXFileReference section */

/* Begin PBXFrameworksBuildPhase section */
		0F903C451E762B0300EFA700 /* Frameworks */ = {
			isa = PBXFrameworksBuildPhase;
			buildActionMask = 2147483647;
			files = (
				AE234D306DFA811F5689E764 /* libPods-tireKingDemo.a in Frameworks */,
			);
			runOnlyForDeploymentPostprocessing = 0;
		};
		0F903C591E762B0300EFA700 /* Frameworks */ = {
			isa = PBXFrameworksBuildPhase;
			buildActionMask = 2147483647;
			files = (
			);
			runOnlyForDeploymentPostprocessing = 0;
		};
		0F903C641E762B0300EFA700 /* Frameworks */ = {
			isa = PBXFrameworksBuildPhase;
			buildActionMask = 2147483647;
			files = (
			);
			runOnlyForDeploymentPostprocessing = 0;
		};
/* End PBXFrameworksBuildPhase section */

/* Begin PBXGroup section */
		0F119B401E7636EC00E58206 /* Find */ = {
			isa = PBXGroup;
			children = (
				0F119B5B1E763F1E00E58206 /* C */,
				0F119B5C1E763F1E00E58206 /* M */,
				0F119B5D1E763F1E00E58206 /* V */,
			);
			path = Find;
			sourceTree = "<group>";
		};
		0F119B411E7636EC00E58206 /* Home */ = {
			isa = PBXGroup;
			children = (
				0F119B421E7636EC00E58206 /* C */,
				0F119B431E7636EC00E58206 /* M */,
				0F119B441E7636EC00E58206 /* V */,
			);
			path = Home;
			sourceTree = "<group>";
		};
		0F119B421E7636EC00E58206 /* C */ = {
			isa = PBXGroup;
			children = (
				0F119B531E76379900E58206 /* HomeViewController.swift */,
			);
			path = C;
			sourceTree = "<group>";
		};
		0F119B431E7636EC00E58206 /* M */ = {
			isa = PBXGroup;
			children = (
			);
			path = M;
			sourceTree = "<group>";
		};
		0F119B441E7636EC00E58206 /* V */ = {
			isa = PBXGroup;
			children = (
				0F119B691E76685600E58206 /* HomeTableViewCell.swift */,
				0F119B6A1E76685600E58206 /* HomeTableViewCell.xib */,
			);
			path = V;
			sourceTree = "<group>";
		};
		0F119B451E7636EC00E58206 /* Me */ = {
			isa = PBXGroup;
			children = (
				0F119B461E7636EC00E58206 /* C */,
				0F119B471E7636EC00E58206 /* M */,
				0F119B481E7636EC00E58206 /* V */,
			);
			path = Me;
			sourceTree = "<group>";
		};
		0F119B461E7636EC00E58206 /* C */ = {
			isa = PBXGroup;
			children = (
				0F119B571E7637AD00E58206 /* MeViewController.swift */,
			);
			path = C;
			sourceTree = "<group>";
		};
		0F119B471E7636EC00E58206 /* M */ = {
			isa = PBXGroup;
			children = (
			);
			path = M;
			sourceTree = "<group>";
		};
		0F119B481E7636EC00E58206 /* V */ = {
			isa = PBXGroup;
			children = (
			);
			path = V;
			sourceTree = "<group>";
		};
		0F119B491E7636EC00E58206 /* Root */ = {
			isa = PBXGroup;
			children = (
				0F119B4A1E7636EC00E58206 /* C */,
				0F119B4B1E7636EC00E58206 /* M */,
				0F119B4C1E7636EC00E58206 /* V */,
			);
			path = Root;
			sourceTree = "<group>";
		};
		0F119B4A1E7636EC00E58206 /* C */ = {
			isa = PBXGroup;
			children = (
				0F119B511E76378400E58206 /* RootViewController.swift */,
			);
			path = C;
			sourceTree = "<group>";
		};
		0F119B4B1E7636EC00E58206 /* M */ = {
			isa = PBXGroup;
			children = (
			);
			path = M;
			sourceTree = "<group>";
		};
		0F119B4C1E7636EC00E58206 /* V */ = {
			isa = PBXGroup;
			children = (
			);
			path = V;
			sourceTree = "<group>";
		};
		0F119B4D1E7636EC00E58206 /* Store */ = {
			isa = PBXGroup;
			children = (
				0F119B4E1E7636EC00E58206 /* C */,
				0F119B4F1E7636EC00E58206 /* M */,
				0F119B501E7636EC00E58206 /* V */,
			);
			path = Store;
			sourceTree = "<group>";
		};
		0F119B4E1E7636EC00E58206 /* C */ = {
			isa = PBXGroup;
			children = (
				0F119B551E7637A100E58206 /* StoreViewController.swift */,
			);
			path = C;
			sourceTree = "<group>";
		};
		0F119B4F1E7636EC00E58206 /* M */ = {
			isa = PBXGroup;
			children = (
			);
			path = M;
			sourceTree = "<group>";
		};
		0F119B501E7636EC00E58206 /* V */ = {
			isa = PBXGroup;
			children = (
			);
			path = V;
			sourceTree = "<group>";
		};
		0F119B5B1E763F1E00E58206 /* C */ = {
			isa = PBXGroup;
			children = (
				0F119B5E1E763F2500E58206 /* FindViewController.swift */,
			);
			path = C;
			sourceTree = "<group>";
		};
		0F119B5C1E763F1E00E58206 /* M */ = {
			isa = PBXGroup;
			children = (
			);
			path = M;
			sourceTree = "<group>";
		};
		0F119B5D1E763F1E00E58206 /* V */ = {
			isa = PBXGroup;
			children = (
				2FEA5B971E768050007E8A0A /* FindToolTableViewCell.swift */,
				2FEA5B981E768050007E8A0A /* FindToolTableViewCell.xib */,
				2FEA5B9E1E76AE29007E8A0A /* FindNewsTableViewCell.swift */,
				2FEA5B9F1E76AE29007E8A0A /* FindNewsTableViewCell.xib */,
			);
			path = V;
			sourceTree = "<group>";
		};
		0F903C3F1E762B0300EFA700 = {
			isa = PBXGroup;
			children = (
				0F903C4A1E762B0300EFA700 /* tireKingDemo */,
				0F903C5F1E762B0300EFA700 /* tireKingDemoTests */,
				0F903C6A1E762B0300EFA700 /* tireKingDemoUITests */,
				0F903C491E762B0300EFA700 /* Products */,
				200956BC92D814ACEA211AAB /* Pods */,
				4C7B744A3E4A9F2413770286 /* Frameworks */,
			);
			sourceTree = "<group>";
		};
		0F903C491E762B0300EFA700 /* Products */ = {
			isa = PBXGroup;
			children = (
				0F903C481E762B0300EFA700 /* tireKingDemo.app */,
				0F903C5C1E762B0300EFA700 /* tireKingDemoTests.xctest */,
				0F903C671E762B0300EFA700 /* tireKingDemoUITests.xctest */,
			);
			name = Products;
			sourceTree = "<group>";
		};
		0F903C4A1E762B0300EFA700 /* tireKingDemo */ = {
			isa = PBXGroup;
			children = (
				0F903C4B1E762B0300EFA700 /* AppDelegate.swift */,
				0F903C4F1E762B0300EFA700 /* Main.storyboard */,
				2FEA5B9B1E7680F0007E8A0A /* Tool */,
				0F119B491E7636EC00E58206 /* Root */,
				0F119B411E7636EC00E58206 /* Home */,
				0F119B4D1E7636EC00E58206 /* Store */,
				0F119B401E7636EC00E58206 /* Find */,
				0F119B451E7636EC00E58206 /* Me */,
				0F903C521E762B0300EFA700 /* Assets.xcassets */,
				0F903C541E762B0300EFA700 /* LaunchScreen.storyboard */,
				0F903C571E762B0300EFA700 /* Info.plist */,
				0F119B621E7648C700E58206 /* BridgeHeader.h */,
			);
			path = tireKingDemo;
			sourceTree = "<group>";
		};
		0F903C5F1E762B0300EFA700 /* tireKingDemoTests */ = {
			isa = PBXGroup;
			children = (
				0F903C601E762B0300EFA700 /* tireKingDemoTests.swift */,
				0F903C621E762B0300EFA700 /* Info.plist */,
			);
			path = tireKingDemoTests;
			sourceTree = "<group>";
		};
		0F903C6A1E762B0300EFA700 /* tireKingDemoUITests */ = {
			isa = PBXGroup;
			children = (
				0F903C6B1E762B0300EFA700 /* tireKingDemoUITests.swift */,
				0F903C6D1E762B0300EFA700 /* Info.plist */,
			);
			path = tireKingDemoUITests;
			sourceTree = "<group>";
		};
		200956BC92D814ACEA211AAB /* Pods */ = {
			isa = PBXGroup;
			children = (
				E2D0598C551BD37E88595407 /* Pods-tireKingDemo.debug.xcconfig */,
				6563FBB00CFEAB88CA7F4F31 /* Pods-tireKingDemo.release.xcconfig */,
			);
			name = Pods;
			sourceTree = "<group>";
		};
		2FEA5B9B1E7680F0007E8A0A /* Tool */ = {
			isa = PBXGroup;
			children = (
				2FEA5B9C1E76810A007E8A0A /* ToolButton.swift */,
			);
			path = Tool;
			sourceTree = "<group>";
		};
		4C7B744A3E4A9F2413770286 /* Frameworks */ = {
			isa = PBXGroup;
			children = (
				ECEE1BCD18B6ABF5F56B71BF /* libPods-tireKingDemo.a */,
			);
			name = Frameworks;
			sourceTree = "<group>";
		};
/* End PBXGroup section */

/* Begin PBXNativeTarget section */
		0F903C471E762B0300EFA700 /* tireKingDemo */ = {
			isa = PBXNativeTarget;
			buildConfigurationList = 0F903C701E762B0300EFA700 /* Build configuration list for PBXNativeTarget "tireKingDemo" */;
			buildPhases = (
				B9DAA17B7F7A50167CC8BACB /* [CP] Check Pods Manifest.lock */,
				0F903C441E762B0300EFA700 /* Sources */,
				0F903C451E762B0300EFA700 /* Frameworks */,
				0F903C461E762B0300EFA700 /* Resources */,
				7C258038B01144BB499CCD3A /* [CP] Embed Pods Frameworks */,
				E0A1F5834BCD3D0EE5E1F6E7 /* [CP] Copy Pods Resources */,
			);
			buildRules = (
			);
			dependencies = (
			);
			name = tireKingDemo;
			productName = tireKingDemo;
			productReference = 0F903C481E762B0300EFA700 /* tireKingDemo.app */;
			productType = "com.apple.product-type.application";
		};
		0F903C5B1E762B0300EFA700 /* tireKingDemoTests */ = {
			isa = PBXNativeTarget;
			buildConfigurationList = 0F903C731E762B0300EFA700 /* Build configuration list for PBXNativeTarget "tireKingDemoTests" */;
			buildPhases = (
				0F903C581E762B0300EFA700 /* Sources */,
				0F903C591E762B0300EFA700 /* Frameworks */,
				0F903C5A1E762B0300EFA700 /* Resources */,
			);
			buildRules = (
			);
			dependencies = (
				0F903C5E1E762B0300EFA700 /* PBXTargetDependency */,
			);
			name = tireKingDemoTests;
			productName = tireKingDemoTests;
			productReference = 0F903C5C1E762B0300EFA700 /* tireKingDemoTests.xctest */;
			productType = "com.apple.product-type.bundle.unit-test";
		};
		0F903C661E762B0300EFA700 /* tireKingDemoUITests */ = {
			isa = PBXNativeTarget;
			buildConfigurationList = 0F903C761E762B0300EFA700 /* Build configuration list for PBXNativeTarget "tireKingDemoUITests" */;
			buildPhases = (
				0F903C631E762B0300EFA700 /* Sources */,
				0F903C641E762B0300EFA700 /* Frameworks */,
				0F903C651E762B0300EFA700 /* Resources */,
			);
			buildRules = (
			);
			dependencies = (
				0F903C691E762B0300EFA700 /* PBXTargetDependency */,
			);
			name = tireKingDemoUITests;
			productName = tireKingDemoUITests;
			productReference = 0F903C671E762B0300EFA700 /* tireKingDemoUITests.xctest */;
			productType = "com.apple.product-type.bundle.ui-testing";
		};
/* End PBXNativeTarget section */

/* Begin PBXProject section */
		0F903C401E762B0300EFA700 /* Project object */ = {
			isa = PBXProject;
			attributes = {
				LastSwiftUpdateCheck = 0820;
				LastUpgradeCheck = 0820;
				ORGANIZATIONNAME = "Frank-Lee";
				TargetAttributes = {
					0F903C471E762B0300EFA700 = {
						CreatedOnToolsVersion = 8.2.1;
						ProvisioningStyle = Automatic;
					};
					0F903C5B1E762B0300EFA700 = {
						CreatedOnToolsVersion = 8.2.1;
						ProvisioningStyle = Automatic;
						TestTargetID = 0F903C471E762B0300EFA700;
					};
					0F903C661E762B0300EFA700 = {
						CreatedOnToolsVersion = 8.2.1;
						ProvisioningStyle = Automatic;
						TestTargetID = 0F903C471E762B0300EFA700;
					};
				};
			};
			buildConfigurationList = 0F903C431E762B0300EFA700 /* Build configuration list for PBXProject "tireKingDemo" */;
			compatibilityVersion = "Xcode 3.2";
			developmentRegion = English;
			hasScannedForEncodings = 0;
			knownRegions = (
				en,
				Base,
			);
			mainGroup = 0F903C3F1E762B0300EFA700;
			productRefGroup = 0F903C491E762B0300EFA700 /* Products */;
			projectDirPath = "";
			projectRoot = "";
			targets = (
				0F903C471E762B0300EFA700 /* tireKingDemo */,
				0F903C5B1E762B0300EFA700 /* tireKingDemoTests */,
				0F903C661E762B0300EFA700 /* tireKingDemoUITests */,
			);
		};
/* End PBXProject section */

/* Begin PBXResourcesBuildPhase section */
		0F903C461E762B0300EFA700 /* Resources */ = {
			isa = PBXResourcesBuildPhase;
			buildActionMask = 2147483647;
			files = (
				0F903C561E762B0300EFA700 /* LaunchScreen.storyboard in Resources */,
				0F903C531E762B0300EFA700 /* Assets.xcassets in Resources */,
				0F119B6C1E76685600E58206 /* HomeTableViewCell.xib in Resources */,
				2FEA5BA11E76AE29007E8A0A /* FindNewsTableViewCell.xib in Resources */,
				2FEA5B9A1E768050007E8A0A /* FindToolTableViewCell.xib in Resources */,
				0F903C511E762B0300EFA700 /* Main.storyboard in Resources */,
			);
			runOnlyForDeploymentPostprocessing = 0;
		};
		0F903C5A1E762B0300EFA700 /* Resources */ = {
			isa = PBXResourcesBuildPhase;
			buildActionMask = 2147483647;
			files = (
			);
			runOnlyForDeploymentPostprocessing = 0;
		};
		0F903C651E762B0300EFA700 /* Resources */ = {
			isa = PBXResourcesBuildPhase;
			buildActionMask = 2147483647;
			files = (
			);
			runOnlyForDeploymentPostprocessing = 0;
		};
/* End PBXResourcesBuildPhase section */

/* Begin PBXShellScriptBuildPhase section */
		7C258038B01144BB499CCD3A /* [CP] Embed Pods Frameworks */ = {
			isa = PBXShellScriptBuildPhase;
			buildActionMask = 2147483647;
			files = (
			);
			inputPaths = (
			);
			name = "[CP] Embed Pods Frameworks";
			outputPaths = (
			);
			runOnlyForDeploymentPostprocessing = 0;
			shellPath = /bin/sh;
			shellScript = "\"${SRCROOT}/Pods/Target Support Files/Pods-tireKingDemo/Pods-tireKingDemo-frameworks.sh\"\n";
			showEnvVarsInLog = 0;
		};
		B9DAA17B7F7A50167CC8BACB /* [CP] Check Pods Manifest.lock */ = {
			isa = PBXShellScriptBuildPhase;
			buildActionMask = 2147483647;
			files = (
			);
			inputPaths = (
			);
			name = "[CP] Check Pods Manifest.lock";
			outputPaths = (
			);
			runOnlyForDeploymentPostprocessing = 0;
			shellPath = /bin/sh;
			shellScript = "diff \"${PODS_ROOT}/../Podfile.lock\" \"${PODS_ROOT}/Manifest.lock\" > /dev/null\nif [ $? != 0 ] ; then\n    # print error to STDERR\n    echo \"error: The sandbox is not in sync with the Podfile.lock. Run 'pod install' or update your CocoaPods installation.\" >&2\n    exit 1\nfi\n";
			showEnvVarsInLog = 0;
		};
		E0A1F5834BCD3D0EE5E1F6E7 /* [CP] Copy Pods Resources */ = {
			isa = PBXShellScriptBuildPhase;
			buildActionMask = 2147483647;
			files = (
			);
			inputPaths = (
			);
			name = "[CP] Copy Pods Resources";
			outputPaths = (
			);
			runOnlyForDeploymentPostprocessing = 0;
			shellPath = /bin/sh;
			shellScript = "\"${SRCROOT}/Pods/Target Support Files/Pods-tireKingDemo/Pods-tireKingDemo-resources.sh\"\n";
			showEnvVarsInLog = 0;
		};
/* End PBXShellScriptBuildPhase section */

/* Begin PBXSourcesBuildPhase section */
		0F903C441E762B0300EFA700 /* Sources */ = {
			isa = PBXSourcesBuildPhase;
			buildActionMask = 2147483647;
			files = (
				2FEA5B991E768050007E8A0A /* FindToolTableViewCell.swift in Sources */,
				0F119B581E7637AD00E58206 /* MeViewController.swift in Sources */,
				0F119B561E7637A100E58206 /* StoreViewController.swift in Sources */,
				0F119B6B1E76685600E58206 /* HomeTableViewCell.swift in Sources */,
				0F903C4C1E762B0300EFA700 /* AppDelegate.swift in Sources */,
				2FEA5BA01E76AE29007E8A0A /* FindNewsTableViewCell.swift in Sources */,
				0F119B521E76378400E58206 /* RootViewController.swift in Sources */,
				0F119B541E76379900E58206 /* HomeViewController.swift in Sources */,
				0F119B5F1E763F2500E58206 /* FindViewController.swift in Sources */,
				2FEA5B9D1E76810A007E8A0A /* ToolButton.swift in Sources */,
			);
			runOnlyForDeploymentPostprocessing = 0;
		};
		0F903C581E762B0300EFA700 /* Sources */ = {
			isa = PBXSourcesBuildPhase;
			buildActionMask = 2147483647;
			files = (
				0F903C611E762B0300EFA700 /* tireKingDemoTests.swift in Sources */,
			);
			runOnlyForDeploymentPostprocessing = 0;
		};
		0F903C631E762B0300EFA700 /* Sources */ = {
			isa = PBXSourcesBuildPhase;
			buildActionMask = 2147483647;
			files = (
				0F903C6C1E762B0300EFA700 /* tireKingDemoUITests.swift in Sources */,
			);
			runOnlyForDeploymentPostprocessing = 0;
		};
/* End PBXSourcesBuildPhase section */

/* Begin PBXTargetDependency section */
		0F903C5E1E762B0300EFA700 /* PBXTargetDependency */ = {
			isa = PBXTargetDependency;
			target = 0F903C471E762B0300EFA700 /* tireKingDemo */;
			targetProxy = 0F903C5D1E762B0300EFA700 /* PBXContainerItemProxy */;
		};
		0F903C691E762B0300EFA700 /* PBXTargetDependency */ = {
			isa = PBXTargetDependency;
			target = 0F903C471E762B0300EFA700 /* tireKingDemo */;
			targetProxy = 0F903C681E762B0300EFA700 /* PBXContainerItemProxy */;
		};
/* End PBXTargetDependency section */

/* Begin PBXVariantGroup section */
		0F903C4F1E762B0300EFA700 /* Main.storyboard */ = {
			isa = PBXVariantGroup;
			children = (
				0F903C501E762B0300EFA700 /* Base */,
			);
			name = Main.storyboard;
			sourceTree = "<group>";
		};
		0F903C541E762B0300EFA700 /* LaunchScreen.storyboard */ = {
			isa = PBXVariantGroup;
			children = (
				0F903C551E762B0300EFA700 /* Base */,
			);
			name = LaunchScreen.storyboard;
			sourceTree = "<group>";
		};
/* End PBXVariantGroup section */

/* Begin XCBuildConfiguration section */
		0F903C6E1E762B0300EFA700 /* Debug */ = {
			isa = XCBuildConfiguration;
			buildSettings = {
				ALWAYS_SEARCH_USER_PATHS = NO;
				CLANG_ANALYZER_NONNULL = YES;
				CLANG_CXX_LANGUAGE_STANDARD = "gnu++0x";
				CLANG_CXX_LIBRARY = "libc++";
				CLANG_ENABLE_MODULES = YES;
				CLANG_ENABLE_OBJC_ARC = YES;
				CLANG_WARN_BOOL_CONVERSION = YES;
				CLANG_WARN_CONSTANT_CONVERSION = YES;
				CLANG_WARN_DIRECT_OBJC_ISA_USAGE = YES_ERROR;
				CLANG_WARN_DOCUMENTATION_COMMENTS = YES;
				CLANG_WARN_EMPTY_BODY = YES;
				CLANG_WARN_ENUM_CONVERSION = YES;
				CLANG_WARN_INFINITE_RECURSION = YES;
				CLANG_WARN_INT_CONVERSION = YES;
				CLANG_WARN_OBJC_ROOT_CLASS = YES_ERROR;
				CLANG_WARN_SUSPICIOUS_MOVE = YES;
				CLANG_WARN_UNREACHABLE_CODE = YES;
				CLANG_WARN__DUPLICATE_METHOD_MATCH = YES;
				"CODE_SIGN_IDENTITY[sdk=iphoneos*]" = "iPhone Developer";
				COPY_PHASE_STRIP = NO;
				DEBUG_INFORMATION_FORMAT = dwarf;
				ENABLE_STRICT_OBJC_MSGSEND = YES;
				ENABLE_TESTABILITY = YES;
				GCC_C_LANGUAGE_STANDARD = gnu99;
				GCC_DYNAMIC_NO_PIC = NO;
				GCC_NO_COMMON_BLOCKS = YES;
				GCC_OPTIMIZATION_LEVEL = 0;
				GCC_PREPROCESSOR_DEFINITIONS = (
					"DEBUG=1",
					"$(inherited)",
				);
				GCC_WARN_64_TO_32_BIT_CONVERSION = YES;
				GCC_WARN_ABOUT_RETURN_TYPE = YES_ERROR;
				GCC_WARN_UNDECLARED_SELECTOR = YES;
				GCC_WARN_UNINITIALIZED_AUTOS = YES_AGGRESSIVE;
				GCC_WARN_UNUSED_FUNCTION = YES;
				GCC_WARN_UNUSED_VARIABLE = YES;
				IPHONEOS_DEPLOYMENT_TARGET = 10.2;
				MTL_ENABLE_DEBUG_INFO = YES;
				ONLY_ACTIVE_ARCH = YES;
				SDKROOT = iphoneos;
				SWIFT_ACTIVE_COMPILATION_CONDITIONS = DEBUG;
				SWIFT_OPTIMIZATION_LEVEL = "-Onone";
				TARGETED_DEVICE_FAMILY = "1,2";
			};
			name = Debug;
		};
		0F903C6F1E762B0300EFA700 /* Release */ = {
			isa = XCBuildConfiguration;
			buildSettings = {
				ALWAYS_SEARCH_USER_PATHS = NO;
				CLANG_ANALYZER_NONNULL = YES;
				CLANG_CXX_LANGUAGE_STANDARD = "gnu++0x";
				CLANG_CXX_LIBRARY = "libc++";
				CLANG_ENABLE_MODULES = YES;
				CLANG_ENABLE_OBJC_ARC = YES;
				CLANG_WARN_BOOL_CONVERSION = YES;
				CLANG_WARN_CONSTANT_CONVERSION = YES;
				CLANG_WARN_DIRECT_OBJC_ISA_USAGE = YES_ERROR;
				CLANG_WARN_DOCUMENTATION_COMMENTS = YES;
				CLANG_WARN_EMPTY_BODY = YES;
				CLANG_WARN_ENUM_CONVERSION = YES;
				CLANG_WARN_INFINITE_RECURSION = YES;
				CLANG_WARN_INT_CONVERSION = YES;
				CLANG_WARN_OBJC_ROOT_CLASS = YES_ERROR;
				CLANG_WARN_SUSPICIOUS_MOVE = YES;
				CLANG_WARN_UNREACHABLE_CODE = YES;
				CLANG_WARN__DUPLICATE_METHOD_MATCH = YES;
				"CODE_SIGN_IDENTITY[sdk=iphoneos*]" = "iPhone Developer";
				COPY_PHASE_STRIP = NO;
				DEBUG_INFORMATION_FORMAT = "dwarf-with-dsym";
				ENABLE_NS_ASSERTIONS = NO;
				ENABLE_STRICT_OBJC_MSGSEND = YES;
				GCC_C_LANGUAGE_STANDARD = gnu99;
				GCC_NO_COMMON_BLOCKS = YES;
				GCC_WARN_64_TO_32_BIT_CONVERSION = YES;
				GCC_WARN_ABOUT_RETURN_TYPE = YES_ERROR;
				GCC_WARN_UNDECLARED_SELECTOR = YES;
				GCC_WARN_UNINITIALIZED_AUTOS = YES_AGGRESSIVE;
				GCC_WARN_UNUSED_FUNCTION = YES;
				GCC_WARN_UNUSED_VARIABLE = YES;
				IPHONEOS_DEPLOYMENT_TARGET = 10.2;
				MTL_ENABLE_DEBUG_INFO = NO;
				SDKROOT = iphoneos;
				SWIFT_OPTIMIZATION_LEVEL = "-Owholemodule";
				TARGETED_DEVICE_FAMILY = "1,2";
				VALIDATE_PRODUCT = YES;
			};
			name = Release;
		};
		0F903C711E762B0300EFA700 /* Debug */ = {
			isa = XCBuildConfiguration;
			baseConfigurationReference = E2D0598C551BD37E88595407 /* Pods-tireKingDemo.debug.xcconfig */;
			buildSettings = {
				ASSETCATALOG_COMPILER_APPICON_NAME = AppIcon;
				ASSETCATALOG_COMPILER_LAUNCHIMAGE_NAME = LaunchImage;
				INFOPLIST_FILE = tireKingDemo/Info.plist;
				LD_RUNPATH_SEARCH_PATHS = "$(inherited) @executable_path/Frameworks";
				PRODUCT_BUNDLE_IDENTIFIER = com.Frank.tireKingDemo;
				PRODUCT_NAME = "$(TARGET_NAME)";
				SWIFT_OBJC_BRIDGING_HEADER = /Users/yang/Desktop/demo/tireKingDemo/tireKingDemo/BridgeHeader.h;
				SWIFT_VERSION = 3.0;
			};
			name = Debug;
		};
		0F903C721E762B0300EFA700 /* Release */ = {
			isa = XCBuildConfiguration;
			baseConfigurationReference = 6563FBB00CFEAB88CA7F4F31 /* Pods-tireKingDemo.release.xcconfig */;
			buildSettings = {
				ASSETCATALOG_COMPILER_APPICON_NAME = AppIcon;
				ASSETCATALOG_COMPILER_LAUNCHIMAGE_NAME = LaunchImage;
				INFOPLIST_FILE = tireKingDemo/Info.plist;
				LD_RUNPATH_SEARCH_PATHS = "$(inherited) @executable_path/Frameworks";
				PRODUCT_BUNDLE_IDENTIFIER = com.Frank.tireKingDemo;
				PRODUCT_NAME = "$(TARGET_NAME)";
				SWIFT_OBJC_BRIDGING_HEADER = /Users/yang/Desktop/demo/tireKingDemo/tireKingDemo/BridgeHeader.h;
				SWIFT_VERSION = 3.0;
			};
			name = Release;
		};
		0F903C741E762B0300EFA700 /* Debug */ = {
			isa = XCBuildConfiguration;
			buildSettings = {
				ALWAYS_EMBED_SWIFT_STANDARD_LIBRARIES = YES;
				BUNDLE_LOADER = "$(TEST_HOST)";
				INFOPLIST_FILE = tireKingDemoTests/Info.plist;
				LD_RUNPATH_SEARCH_PATHS = "$(inherited) @executable_path/Frameworks @loader_path/Frameworks";
				PRODUCT_BUNDLE_IDENTIFIER = com.Frank.tireKingDemoTests;
				PRODUCT_NAME = "$(TARGET_NAME)";
				SWIFT_VERSION = 3.0;
				TEST_HOST = "$(BUILT_PRODUCTS_DIR)/tireKingDemo.app/tireKingDemo";
			};
			name = Debug;
		};
		0F903C751E762B0300EFA700 /* Release */ = {
			isa = XCBuildConfiguration;
			buildSettings = {
				ALWAYS_EMBED_SWIFT_STANDARD_LIBRARIES = YES;
				BUNDLE_LOADER = "$(TEST_HOST)";
				INFOPLIST_FILE = tireKingDemoTests/Info.plist;
				LD_RUNPATH_SEARCH_PATHS = "$(inherited) @executable_path/Frameworks @loader_path/Frameworks";
				PRODUCT_BUNDLE_IDENTIFIER = com.Frank.tireKingDemoTests;
				PRODUCT_NAME = "$(TARGET_NAME)";
				SWIFT_VERSION = 3.0;
				TEST_HOST = "$(BUILT_PRODUCTS_DIR)/tireKingDemo.app/tireKingDemo";
			};
			name = Release;
		};
		0F903C771E762B0300EFA700 /* Debug */ = {
			isa = XCBuildConfiguration;
			buildSettings = {
				ALWAYS_EMBED_SWIFT_STANDARD_LIBRARIES = YES;
				INFOPLIST_FILE = tireKingDemoUITests/Info.plist;
				LD_RUNPATH_SEARCH_PATHS = "$(inherited) @executable_path/Frameworks @loader_path/Frameworks";
				PRODUCT_BUNDLE_IDENTIFIER = com.Frank.tireKingDemoUITests;
				PRODUCT_NAME = "$(TARGET_NAME)";
				SWIFT_VERSION = 3.0;
				TEST_TARGET_NAME = tireKingDemo;
			};
			name = Debug;
		};
		0F903C781E762B0300EFA700 /* Release */ = {
			isa = XCBuildConfiguration;
			buildSettings = {
				ALWAYS_EMBED_SWIFT_STANDARD_LIBRARIES = YES;
				INFOPLIST_FILE = tireKingDemoUITests/Info.plist;
				LD_RUNPATH_SEARCH_PATHS = "$(inherited) @executable_path/Frameworks @loader_path/Frameworks";
				PRODUCT_BUNDLE_IDENTIFIER = com.Frank.tireKingDemoUITests;
				PRODUCT_NAME = "$(TARGET_NAME)";
				SWIFT_VERSION = 3.0;
				TEST_TARGET_NAME = tireKingDemo;
			};
			name = Release;
		};
/* End XCBuildConfiguration section */

/* Begin XCConfigurationList section */
		0F903C431E762B0300EFA700 /* Build configuration list for PBXProject "tireKingDemo" */ = {
			isa = XCConfigurationList;
			buildConfigurations = (
				0F903C6E1E762B0300EFA700 /* Debug */,
				0F903C6F1E762B0300EFA700 /* Release */,
			);
			defaultConfigurationIsVisible = 0;
			defaultConfigurationName = Release;
		};
		0F903C701E762B0300EFA700 /* Build configuration list for PBXNativeTarget "tireKingDemo" */ = {
			isa = XCConfigurationList;
			buildConfigurations = (
				0F903C711E762B0300EFA700 /* Debug */,
				0F903C721E762B0300EFA700 /* Release */,
			);
			defaultConfigurationIsVisible = 0;
			defaultConfigurationName = Release;
		};
		0F903C731E762B0300EFA700 /* Build configuration list for PBXNativeTarget "tireKingDemoTests" */ = {
			isa = XCConfigurationList;
			buildConfigurations = (
				0F903C741E762B0300EFA700 /* Debug */,
				0F903C751E762B0300EFA700 /* Release */,
			);
			defaultConfigurationIsVisible = 0;
			defaultConfigurationName = Release;
		};
		0F903C761E762B0300EFA700 /* Build configuration list for PBXNativeTarget "tireKingDemoUITests" */ = {
			isa = XCConfigurationList;
			buildConfigurations = (
				0F903C771E762B0300EFA700 /* Debug */,
				0F903C781E762B0300EFA700 /* Release */,
			);
			defaultConfigurationIsVisible = 0;
			defaultConfigurationName = Release;
		};
/* End XCConfigurationList section */
	};
	rootObject = 0F903C401E762B0300EFA700 /* Project object */;
}
